
Microsoft Visual Studio Solution File, Format Version 12.00
# Visual Studio Version 17
VisualStudioVersion = 17.9.34728.123
MinimumVisualStudioVersion = 10.0.40219.1
Project("{FAE04EC0-301F-11D3-BF4B-00C04F79EFBC}") = "14OktaybrTask", "14OktaybrTask\14OktaybrTask.csproj", "{7A34EA3A-E116-4AE2-B0F5-202259C04672}"
EndProject
Global
	GlobalSection(SolutionConfigurationPlatforms) = preSolution
		Debug|Any CPU = Debug|Any CPU
		Release|Any CPU = Release|Any CPU
	EndGlobalSection
	GlobalSection(ProjectConfigurationPlatforms) = postSolution
		{7A34EA3A-E116-4AE2-B0F5-202259C04672}.Debug|Any CPU.ActiveCfg = Debug|Any CPU
		{7A34EA3A-E116-4AE2-B0F5-202259C04672}.Debug|Any CPU.Build.0 = Debug|Any CPU
		{7A34EA3A-E116-4AE2-B0F5-202259C04672}.Release|Any CPU.ActiveCfg = Release|Any CPU
		{7A34EA3A-E116-4AE2-B0F5-202259C04672}.Release|Any CPU.Build.0 = Release|Any CPU
	EndGlobalSection
	GlobalSection(SolutionProperties) = preSolution
		HideSolutionNode = FALSE
	EndGlobalSection
	GlobalSection(ExtensibilityGlobals) = postSolution
		SolutionGuid = {76E727D9-0180-4676-BDBB-577A4A7B847D}
	EndGlobalSection
EndGlobal
