
Microsoft Visual Studio Solution File, Format Version 12.00
# Visual Studio Version 17
VisualStudioVersion = 17.9.34728.123
MinimumVisualStudioVersion = 10.0.40219.1
Project("{9A19103F-16F7-4668-BE54-9A1E7A4F7556}") = "CarManagementAPİ", "CarManagementAPİ\CarManagementAPİ.csproj", "{E62EFF64-E0B7-4193-A729-9D92A6815D13}"
EndProject
Global
	GlobalSection(SolutionConfigurationPlatforms) = preSolution
		Debug|Any CPU = Debug|Any CPU
		Release|Any CPU = Release|Any CPU
	EndGlobalSection
	GlobalSection(ProjectConfigurationPlatforms) = postSolution
		{E62EFF64-E0B7-4193-A729-9D92A6815D13}.Debug|Any CPU.ActiveCfg = Debug|Any CPU
		{E62EFF64-E0B7-4193-A729-9D92A6815D13}.Debug|Any CPU.Build.0 = Debug|Any CPU
		{E62EFF64-E0B7-4193-A729-9D92A6815D13}.Release|Any CPU.ActiveCfg = Release|Any CPU
		{E62EFF64-E0B7-4193-A729-9D92A6815D13}.Release|Any CPU.Build.0 = Release|Any CPU
	EndGlobalSection
	GlobalSection(SolutionProperties) = preSolution
		HideSolutionNode = FALSE
	EndGlobalSection
	GlobalSection(ExtensibilityGlobals) = postSolution
		SolutionGuid = {829C6707-D8F4-4D18-BD03-E7437955102D}
	EndGlobalSection
EndGlobal
